
Microsoft Visual Studio Solution File, Format Version 12.00
# Visual Studio Version 17
VisualStudioVersion = 17.9.34723.18
MinimumVisualStudioVersion = 10.0.40219.1
Project("{FAE04EC0-301F-11D3-BF4B-00C04F79EFBC}") = "ST10339549_KhumaloCraft", "ST10339549_KhumaloCraft\ST10339549_KhumaloCraft.csproj", "{946A0AEF-D48F-4086-B468-5623F4A6EB28}"
EndProject
Global
	GlobalSection(SolutionConfigurationPlatforms) = preSolution
		Debug|Any CPU = Debug|Any CPU
		Release|Any CPU = Release|Any CPU
	EndGlobalSection
	GlobalSection(ProjectConfigurationPlatforms) = postSolution
		{946A0AEF-D48F-4086-B468-5623F4A6EB28}.Debug|Any CPU.ActiveCfg = Debug|Any CPU
		{946A0AEF-D48F-4086-B468-5623F4A6EB28}.Debug|Any CPU.Build.0 = Debug|Any CPU
		{946A0AEF-D48F-4086-B468-5623F4A6EB28}.Release|Any CPU.ActiveCfg = Release|Any CPU
		{946A0AEF-D48F-4086-B468-5623F4A6EB28}.Release|Any CPU.Build.0 = Release|Any CPU
	EndGlobalSection
	GlobalSection(SolutionProperties) = preSolution
		HideSolutionNode = FALSE
	EndGlobalSection
	GlobalSection(ExtensibilityGlobals) = postSolution
		SolutionGuid = {6BAD6B15-3B2B-4C37-9160-EAD89E80F67A}
	EndGlobalSection
EndGlobal
